
Microsoft Visual Studio Solution File, Format Version 12.00
# Visual Studio Version 16
VisualStudioVersion = 16.0.31105.61
MinimumVisualStudioVersion = 10.0.40219.1
Project("{FAE04EC0-301F-11D3-BF4B-00C04F79EFBC}") = "HappyChef.Server", "HappyChef\Server\HappyChef.Server.csproj", "{0805BDB4-3BDF-42DF-918B-92C1A3B622EA}"
EndProject
Project("{FAE04EC0-301F-11D3-BF4B-00C04F79EFBC}") = "HappyChef.Client", "HappyChef\Client\HappyChef.Client.csproj", "{88676A7D-7CCE-4207-8D67-39A8418A2952}"
EndProject
Project("{FAE04EC0-301F-11D3-BF4B-00C04F79EFBC}") = "HappyChef.Shared", "HappyChef\Shared\HappyChef.Shared.csproj", "{CD186066-6BCD-4D90-895F-AEC0AA327474}"
EndProject
Global
	GlobalSection(SolutionConfigurationPlatforms) = preSolution
		Debug|Any CPU = Debug|Any CPU
		Release|Any CPU = Release|Any CPU
	EndGlobalSection
	GlobalSection(ProjectConfigurationPlatforms) = postSolution
		{0805BDB4-3BDF-42DF-918B-92C1A3B622EA}.Debug|Any CPU.ActiveCfg = Debug|Any CPU
		{0805BDB4-3BDF-42DF-918B-92C1A3B622EA}.Debug|Any CPU.Build.0 = Debug|Any CPU
		{0805BDB4-3BDF-42DF-918B-92C1A3B622EA}.Release|Any CPU.ActiveCfg = Release|Any CPU
		{0805BDB4-3BDF-42DF-918B-92C1A3B622EA}.Release|Any CPU.Build.0 = Release|Any CPU
		{88676A7D-7CCE-4207-8D67-39A8418A2952}.Debug|Any CPU.ActiveCfg = Debug|Any CPU
		{88676A7D-7CCE-4207-8D67-39A8418A2952}.Debug|Any CPU.Build.0 = Debug|Any CPU
		{88676A7D-7CCE-4207-8D67-39A8418A2952}.Release|Any CPU.ActiveCfg = Release|Any CPU
		{88676A7D-7CCE-4207-8D67-39A8418A2952}.Release|Any CPU.Build.0 = Release|Any CPU
		{CD186066-6BCD-4D90-895F-AEC0AA327474}.Debug|Any CPU.ActiveCfg = Debug|Any CPU
		{CD186066-6BCD-4D90-895F-AEC0AA327474}.Debug|Any CPU.Build.0 = Debug|Any CPU
		{CD186066-6BCD-4D90-895F-AEC0AA327474}.Release|Any CPU.ActiveCfg = Release|Any CPU
		{CD186066-6BCD-4D90-895F-AEC0AA327474}.Release|Any CPU.Build.0 = Release|Any CPU
	EndGlobalSection
	GlobalSection(SolutionProperties) = preSolution
		HideSolutionNode = FALSE
	EndGlobalSection
	GlobalSection(ExtensibilityGlobals) = postSolution
		SolutionGuid = {C138B4F6-D7C7-4924-AD89-C13A88CE63A9}
	EndGlobalSection
EndGlobal
